
Microsoft Visual Studio Solution File, Format Version 12.00
# Visual Studio Version 16
VisualStudioVersion = 16.0.31313.79
MinimumVisualStudioVersion = 10.0.40219.1
Project("{FAE04EC0-301F-11D3-BF4B-00C04F79EFBC}") = "FundRaiser", "FundRaiser\FundRaiser.csproj", "{6F582B71-680C-40A0-BDA1-7E703D6DDFB7}"
EndProject
Global
	GlobalSection(SolutionConfigurationPlatforms) = preSolution
		Debug|Any CPU = Debug|Any CPU
		Release|Any CPU = Release|Any CPU
	EndGlobalSection
	GlobalSection(ProjectConfigurationPlatforms) = postSolution
		{6F582B71-680C-40A0-BDA1-7E703D6DDFB7}.Debug|Any CPU.ActiveCfg = Debug|Any CPU
		{6F582B71-680C-40A0-BDA1-7E703D6DDFB7}.Debug|Any CPU.Build.0 = Debug|Any CPU
		{6F582B71-680C-40A0-BDA1-7E703D6DDFB7}.Release|Any CPU.ActiveCfg = Release|Any CPU
		{6F582B71-680C-40A0-BDA1-7E703D6DDFB7}.Release|Any CPU.Build.0 = Release|Any CPU
	EndGlobalSection
	GlobalSection(SolutionProperties) = preSolution
		HideSolutionNode = FALSE
	EndGlobalSection
	GlobalSection(ExtensibilityGlobals) = postSolution
		SolutionGuid = {4B2435D7-FAA1-48A3-9F49-7311C27A8CF7}
	EndGlobalSection
EndGlobal
